// !$*UTF8*$!
{
	archiveVersion = 1;
	classes = {
	};
	objectVersion = 50;
	objects = {

/* Begin PBXBuildFile section */
		4B8FB02E2451A8D80074AAC2 /* ZDV-207-client-main.cpp in Sources */ = {isa = PBXBuildFile; fileRef = 4B8FB02D2451A8D80074AAC2 /* ZDV-207-client-main.cpp */; };
/* End PBXBuildFile section */

/* Begin PBXCopyFilesBuildPhase section */
		4B8FB0282451A8D80074AAC2 /* CopyFiles */ = {
			isa = PBXCopyFilesBuildPhase;
			buildActionMask = 2147483647;
			dstPath = /usr/share/man/man1/;
			dstSubfolderSpec = 0;
			files = (
			);
			runOnlyForDeploymentPostprocessing = 1;
		};
/* End PBXCopyFilesBuildPhase section */

/* Begin PBXFileReference section */
		4B8FB02A2451A8D80074AAC2 /* client */ = {isa = PBXFileReference; explicitFileType = "compiled.mach-o.executable"; includeInIndex = 0; path = client; sourceTree = BUILT_PRODUCTS_DIR; };
		4B8FB02D2451A8D80074AAC2 /* ZDV-207-client-main.cpp */ = {isa = PBXFileReference; lastKnownFileType = sourcecode.cpp.cpp; path = "ZDV-207-client-main.cpp"; sourceTree = "<group>"; };
		4B8FB0342451A9160074AAC2 /* ZDV-207-client.h */ = {isa = PBXFileReference; lastKnownFileType = sourcecode.c.h; path = "ZDV-207-client.h"; sourceTree = "<group>"; };
		4B8FB0372451DD380074AAC2 /* result.txt */ = {isa = PBXFileReference; lastKnownFileType = text; path = result.txt; sourceTree = "<group>"; };
		4B8FB0382451DD4D0074AAC2 /* command3.txt */ = {isa = PBXFileReference; lastKnownFileType = text; path = command3.txt; sourceTree = "<group>"; };
		4B8FB051246827480074AAC2 /* command1.txt */ = {isa = PBXFileReference; lastKnownFileType = text; path = command1.txt; sourceTree = "<group>"; };
		4B8FB052246827560074AAC2 /* command2.txt */ = {isa = PBXFileReference; lastKnownFileType = text; path = command2.txt; sourceTree = "<group>"; };
		4B8FB053246827DD0074AAC2 /* result1.txt */ = {isa = PBXFileReference; fileEncoding = 4; lastKnownFileType = text; path = result1.txt; sourceTree = "<group>"; };
		4B8FB054246827DD0074AAC2 /* result0.txt */ = {isa = PBXFileReference; fileEncoding = 4; lastKnownFileType = text; path = result0.txt; sourceTree = "<group>"; };
		4B8FB055246827DD0074AAC2 /* result2.txt */ = {isa = PBXFileReference; fileEncoding = 4; lastKnownFileType = text; path = result2.txt; sourceTree = "<group>"; };
		4B8FB056246827DD0074AAC2 /* result3.txt */ = {isa = PBXFileReference; fileEncoding = 4; lastKnownFileType = text; path = result3.txt; sourceTree = "<group>"; };
/* End PBXFileReference section */

/* Begin PBXFrameworksBuildPhase section */
		4B8FB0272451A8D80074AAC2 /* Frameworks */ = {
			isa = PBXFrameworksBuildPhase;
			buildActionMask = 2147483647;
			files = (
			);
			runOnlyForDeploymentPostprocessing = 0;
		};
/* End PBXFrameworksBuildPhase section */

/* Begin PBXGroup section */
		4B8FB0212451A8D80074AAC2 = {
			isa = PBXGroup;
			children = (
				4B8FB02C2451A8D80074AAC2 /* client */,
				4B8FB02B2451A8D80074AAC2 /* Products */,
			);
			sourceTree = "<group>";
		};
		4B8FB02B2451A8D80074AAC2 /* Products */ = {
			isa = PBXGroup;
			children = (
				4B8FB02A2451A8D80074AAC2 /* client */,
			);
			name = Products;
			sourceTree = "<group>";
		};
		4B8FB02C2451A8D80074AAC2 /* client */ = {
			isa = PBXGroup;
			children = (
				4B8FB054246827DD0074AAC2 /* result0.txt */,
				4B8FB053246827DD0074AAC2 /* result1.txt */,
				4B8FB055246827DD0074AAC2 /* result2.txt */,
				4B8FB056246827DD0074AAC2 /* result3.txt */,
				4B8FB02D2451A8D80074AAC2 /* ZDV-207-client-main.cpp */,
				4B8FB0342451A9160074AAC2 /* ZDV-207-client.h */,
				4B8FB0372451DD380074AAC2 /* result.txt */,
				4B8FB051246827480074AAC2 /* command1.txt */,
				4B8FB052246827560074AAC2 /* command2.txt */,
				4B8FB0382451DD4D0074AAC2 /* command3.txt */,
			);
			path = client;
			sourceTree = "<group>";
		};
/* End PBXGroup section */

/* Begin PBXNativeTarget section */
		4B8FB0292451A8D80074AAC2 /* client */ = {
			isa = PBXNativeTarget;
			buildConfigurationList = 4B8FB0312451A8D80074AAC2 /* Build configuration list for PBXNativeTarget "client" */;
			buildPhases = (
				4B8FB0262451A8D80074AAC2 /* Sources */,
				4B8FB0272451A8D80074AAC2 /* Frameworks */,
				4B8FB0282451A8D80074AAC2 /* CopyFiles */,
			);
			buildRules = (
			);
			dependencies = (
			);
			name = client;
			productName = client;
			productReference = 4B8FB02A2451A8D80074AAC2 /* client */;
			productType = "com.apple.product-type.tool";
		};
/* End PBXNativeTarget section */

/* Begin PBXProject section */
		4B8FB0222451A8D80074AAC2 /* Project object */ = {
			isa = PBXProject;
			attributes = {
				LastUpgradeCheck = 1140;
				ORGANIZATIONNAME = "Daniil Zakharov";
				TargetAttributes = {
					4B8FB0292451A8D80074AAC2 = {
						CreatedOnToolsVersion = 11.4.1;
					};
				};
			};
			buildConfigurationList = 4B8FB0252451A8D80074AAC2 /* Build configuration list for PBXProject "client" */;
			compatibilityVersion = "Xcode 9.3";
			developmentRegion = en;
			hasScannedForEncodings = 0;
			knownRegions = (
				en,
				Base,
			);
			mainGroup = 4B8FB0212451A8D80074AAC2;
			productRefGroup = 4B8FB02B2451A8D80074AAC2 /* Products */;
			projectDirPath = "";
			projectRoot = "";
			targets = (
				4B8FB0292451A8D80074AAC2 /* client */,
			);
		};
/* End PBXProject section */

/* Begin PBXSourcesBuildPhase section */
		4B8FB0262451A8D80074AAC2 /* Sources */ = {
			isa = PBXSourcesBuildPhase;
			buildActionMask = 2147483647;
			files = (
				4B8FB02E2451A8D80074AAC2 /* ZDV-207-client-main.cpp in Sources */,
			);
			runOnlyForDeploymentPostprocessing = 0;
		};
/* End PBXSourcesBuildPhase section */

/* Begin XCBuildConfiguration section */
		4B8FB02F2451A8D80074AAC2 /* Debug */ = {
			isa = XCBuildConfiguration;
			buildSettings = {
				ALWAYS_SEARCH_USER_PATHS = NO;
				CLANG_ANALYZER_NONNULL = YES;
				CLANG_ANALYZER_NUMBER_OBJECT_CONVERSION = YES_AGGRESSIVE;
				CLANG_CXX_LANGUAGE_STANDARD = "gnu++14";
				CLANG_CXX_LIBRARY = "libc++";
				CLANG_ENABLE_MODULES = YES;
				CLANG_ENABLE_OBJC_ARC = YES;
				CLANG_ENABLE_OBJC_WEAK = YES;
				CLANG_WARN_BLOCK_CAPTURE_AUTORELEASING = YES;
				CLANG_WARN_BOOL_CONVERSION = YES;
				CLANG_WARN_COMMA = YES;
				CLANG_WARN_CONSTANT_CONVERSION = YES;
				CLANG_WARN_DEPRECATED_OBJC_IMPLEMENTATIONS = YES;
				CLANG_WARN_DIRECT_OBJC_ISA_USAGE = YES_ERROR;
				CLANG_WARN_DOCUMENTATION_COMMENTS = YES;
				CLANG_WARN_EMPTY_BODY = YES;
				CLANG_WARN_ENUM_CONVERSION = YES;
				CLANG_WARN_INFINITE_RECURSION = YES;
				CLANG_WARN_INT_CONVERSION = YES;
				CLANG_WARN_NON_LITERAL_NULL_CONVERSION = YES;
				CLANG_WARN_OBJC_IMPLICIT_RETAIN_SELF = YES;
				CLANG_WARN_OBJC_LITERAL_CONVERSION = YES;
				CLANG_WARN_OBJC_ROOT_CLASS = YES_ERROR;
				CLANG_WARN_RANGE_LOOP_ANALYSIS = YES;
				CLANG_WARN_STRICT_PROTOTYPES = YES;
				CLANG_WARN_SUSPICIOUS_MOVE = YES;
				CLANG_WARN_UNGUARDED_AVAILABILITY = YES_AGGRESSIVE;
				CLANG_WARN_UNREACHABLE_CODE = YES;
				CLANG_WARN__DUPLICATE_METHOD_MATCH = YES;
				COPY_PHASE_STRIP = NO;
				DEBUG_INFORMATION_FORMAT = dwarf;
				ENABLE_STRICT_OBJC_MSGSEND = YES;
				ENABLE_TESTABILITY = YES;
				GCC_C_LANGUAGE_STANDARD = gnu11;
				GCC_DYNAMIC_NO_PIC = NO;
				GCC_NO_COMMON_BLOCKS = YES;
				GCC_OPTIMIZATION_LEVEL = 0;
				GCC_PREPROCESSOR_DEFINITIONS = (
					"DEBUG=1",
					"$(inherited)",
				);
				GCC_WARN_64_TO_32_BIT_CONVERSION = YES;
				GCC_WARN_ABOUT_RETURN_TYPE = YES_ERROR;
				GCC_WARN_UNDECLARED_SELECTOR = YES;
				GCC_WARN_UNINITIALIZED_AUTOS = YES_AGGRESSIVE;
				GCC_WARN_UNUSED_FUNCTION = YES;
				GCC_WARN_UNUSED_VARIABLE = YES;
				MACOSX_DEPLOYMENT_TARGET = 10.15;
				MTL_ENABLE_DEBUG_INFO = INCLUDE_SOURCE;
				MTL_FAST_MATH = YES;
				ONLY_ACTIVE_ARCH = YES;
				SDKROOT = macosx;
			};
			name = Debug;
		};
		4B8FB0302451A8D80074AAC2 /* Release */ = {
			isa = XCBuildConfiguration;
			buildSettings = {
				ALWAYS_SEARCH_USER_PATHS = NO;
				CLANG_ANALYZER_NONNULL = YES;
				CLANG_ANALYZER_NUMBER_OBJECT_CONVERSION = YES_AGGRESSIVE;
				CLANG_CXX_LANGUAGE_STANDARD = "gnu++14";
				CLANG_CXX_LIBRARY = "libc++";
				CLANG_ENABLE_MODULES = YES;
				CLANG_ENABLE_OBJC_ARC = YES;
				CLANG_ENABLE_OBJC_WEAK = YES;
				CLANG_WARN_BLOCK_CAPTURE_AUTORELEASING = YES;
				CLANG_WARN_BOOL_CONVERSION = YES;
				CLANG_WARN_COMMA = YES;
				CLANG_WARN_CONSTANT_CONVERSION = YES;
				CLANG_WARN_DEPRECATED_OBJC_IMPLEMENTATIONS = YES;
				CLANG_WARN_DIRECT_OBJC_ISA_USAGE = YES_ERROR;
				CLANG_WARN_DOCUMENTATION_COMMENTS = YES;
				CLANG_WARN_EMPTY_BODY = YES;
				CLANG_WARN_ENUM_CONVERSION = YES;
				CLANG_WARN_INFINITE_RECURSION = YES;
				CLANG_WARN_INT_CONVERSION = YES;
				CLANG_WARN_NON_LITERAL_NULL_CONVERSION = YES;
				CLANG_WARN_OBJC_IMPLICIT_RETAIN_SELF = YES;
				CLANG_WARN_OBJC_LITERAL_CONVERSION = YES;
				CLANG_WARN_OBJC_ROOT_CLASS = YES_ERROR;
				CLANG_WARN_RANGE_LOOP_ANALYSIS = YES;
				CLANG_WARN_STRICT_PROTOTYPES = YES;
				CLANG_WARN_SUSPICIOUS_MOVE = YES;
				CLANG_WARN_UNGUARDED_AVAILABILITY = YES_AGGRESSIVE;
				CLANG_WARN_UNREACHABLE_CODE = YES;
				CLANG_WARN__DUPLICATE_METHOD_MATCH = YES;
				COPY_PHASE_STRIP = NO;
				DEBUG_INFORMATION_FORMAT = "dwarf-with-dsym";
				ENABLE_NS_ASSERTIONS = NO;
				ENABLE_STRICT_OBJC_MSGSEND = YES;
				GCC_C_LANGUAGE_STANDARD = gnu11;
				GCC_NO_COMMON_BLOCKS = YES;
				GCC_WARN_64_TO_32_BIT_CONVERSION = YES;
				GCC_WARN_ABOUT_RETURN_TYPE = YES_ERROR;
				GCC_WARN_UNDECLARED_SELECTOR = YES;
				GCC_WARN_UNINITIALIZED_AUTOS = YES_AGGRESSIVE;
				GCC_WARN_UNUSED_FUNCTION = YES;
				GCC_WARN_UNUSED_VARIABLE = YES;
				MACOSX_DEPLOYMENT_TARGET = 10.15;
				MTL_ENABLE_DEBUG_INFO = NO;
				MTL_FAST_MATH = YES;
				SDKROOT = macosx;
			};
			name = Release;
		};
		4B8FB0322451A8D80074AAC2 /* Debug */ = {
			isa = XCBuildConfiguration;
			buildSettings = {
				CODE_SIGN_STYLE = Automatic;
				PRODUCT_NAME = "$(TARGET_NAME)";
			};
			name = Debug;
		};
		4B8FB0332451A8D80074AAC2 /* Release */ = {
			isa = XCBuildConfiguration;
			buildSettings = {
				CODE_SIGN_STYLE = Automatic;
				PRODUCT_NAME = "$(TARGET_NAME)";
			};
			name = Release;
		};
/* End XCBuildConfiguration section */

/* Begin XCConfigurationList section */
		4B8FB0252451A8D80074AAC2 /* Build configuration list for PBXProject "client" */ = {
			isa = XCConfigurationList;
			buildConfigurations = (
				4B8FB02F2451A8D80074AAC2 /* Debug */,
				4B8FB0302451A8D80074AAC2 /* Release */,
			);
			defaultConfigurationIsVisible = 0;
			defaultConfigurationName = Release;
		};
		4B8FB0312451A8D80074AAC2 /* Build configuration list for PBXNativeTarget "client" */ = {
			isa = XCConfigurationList;
			buildConfigurations = (
				4B8FB0322451A8D80074AAC2 /* Debug */,
				4B8FB0332451A8D80074AAC2 /* Release */,
			);
			defaultConfigurationIsVisible = 0;
			defaultConfigurationName = Release;
		};
/* End XCConfigurationList section */
	};
	rootObject = 4B8FB0222451A8D80074AAC2 /* Project object */;
}
